
Microsoft Visual Studio Solution File, Format Version 12.00
# Visual Studio Version 16
VisualStudioVersion = 16.0.30320.27
MinimumVisualStudioVersion = 10.0.40219.1
Project("{9A19103F-16F7-4668-BE54-9A1E7A4F7556}") = "Eol", "Eol\Eol.csproj", "{A7337C6A-EDEF-468A-84C2-1EAA2E418442}"
EndProject
Project("{FAE04EC0-301F-11D3-BF4B-00C04F79EFBC}") = "Eol.Runner", "Eol.Runner\Eol.Runner.csproj", "{A4016D12-65C7-4362-83EC-1DEAA87677B6}"
EndProject
Global
	GlobalSection(SolutionConfigurationPlatforms) = preSolution
		Debug|Any CPU = Debug|Any CPU
		Release|Any CPU = Release|Any CPU
	EndGlobalSection
	GlobalSection(ProjectConfigurationPlatforms) = postSolution
		{A7337C6A-EDEF-468A-84C2-1EAA2E418442}.Debug|Any CPU.ActiveCfg = Debug|Any CPU
		{A7337C6A-EDEF-468A-84C2-1EAA2E418442}.Debug|Any CPU.Build.0 = Debug|Any CPU
		{A7337C6A-EDEF-468A-84C2-1EAA2E418442}.Release|Any CPU.ActiveCfg = Release|Any CPU
		{A7337C6A-EDEF-468A-84C2-1EAA2E418442}.Release|Any CPU.Build.0 = Release|Any CPU
		{A4016D12-65C7-4362-83EC-1DEAA87677B6}.Debug|Any CPU.ActiveCfg = Debug|Any CPU
		{A4016D12-65C7-4362-83EC-1DEAA87677B6}.Debug|Any CPU.Build.0 = Debug|Any CPU
		{A4016D12-65C7-4362-83EC-1DEAA87677B6}.Release|Any CPU.ActiveCfg = Release|Any CPU
		{A4016D12-65C7-4362-83EC-1DEAA87677B6}.Release|Any CPU.Build.0 = Release|Any CPU
	EndGlobalSection
	GlobalSection(SolutionProperties) = preSolution
		HideSolutionNode = FALSE
	EndGlobalSection
	GlobalSection(ExtensibilityGlobals) = postSolution
		SolutionGuid = {DEE16B55-DA0F-46EB-B017-FDA48FA54D61}
	EndGlobalSection
EndGlobal
